
Microsoft Visual Studio Solution File, Format Version 12.00
# Visual Studio Version 17
VisualStudioVersion = 17.4.33103.184
MinimumVisualStudioVersion = 10.0.40219.1
Project("{FAE04EC0-301F-11D3-BF4B-00C04F79EFBC}") = "EFCore_CRUD", "EFCore_CRUD.csproj", "{C96527F9-63AA-4395-B28A-5E0C886F7D26}"
EndProject
Global
	GlobalSection(SolutionConfigurationPlatforms) = preSolution
		Debug|Any CPU = Debug|Any CPU
		Release|Any CPU = Release|Any CPU
	EndGlobalSection
	GlobalSection(ProjectConfigurationPlatforms) = postSolution
		{C96527F9-63AA-4395-B28A-5E0C886F7D26}.Debug|Any CPU.ActiveCfg = Debug|Any CPU
		{C96527F9-63AA-4395-B28A-5E0C886F7D26}.Debug|Any CPU.Build.0 = Debug|Any CPU
		{C96527F9-63AA-4395-B28A-5E0C886F7D26}.Release|Any CPU.ActiveCfg = Release|Any CPU
		{C96527F9-63AA-4395-B28A-5E0C886F7D26}.Release|Any CPU.Build.0 = Release|Any CPU
	EndGlobalSection
	GlobalSection(SolutionProperties) = preSolution
		HideSolutionNode = FALSE
	EndGlobalSection
	GlobalSection(ExtensibilityGlobals) = postSolution
		SolutionGuid = {E322670F-91BE-4113-B9B9-8FBAF9F0B954}
	EndGlobalSection
EndGlobal
